
Microsoft Visual Studio Solution File, Format Version 12.00
# Visual Studio Version 16
VisualStudioVersion = 16.0.29403.142
MinimumVisualStudioVersion = 10.0.40219.1
Project("{FAE04EC0-301F-11D3-BF4B-00C04F79EFBC}") = "laboInf4", "laboInf4.csproj", "{1804E63A-99F3-4085-8FD0-6C12E38EEBB1}"
EndProject
Global
	GlobalSection(SolutionConfigurationPlatforms) = preSolution
		Debug|Any CPU = Debug|Any CPU
		Release|Any CPU = Release|Any CPU
	EndGlobalSection
	GlobalSection(ProjectConfigurationPlatforms) = postSolution
		{1804E63A-99F3-4085-8FD0-6C12E38EEBB1}.Debug|Any CPU.ActiveCfg = Debug|Any CPU
		{1804E63A-99F3-4085-8FD0-6C12E38EEBB1}.Debug|Any CPU.Build.0 = Debug|Any CPU
		{1804E63A-99F3-4085-8FD0-6C12E38EEBB1}.Release|Any CPU.ActiveCfg = Release|Any CPU
		{1804E63A-99F3-4085-8FD0-6C12E38EEBB1}.Release|Any CPU.Build.0 = Release|Any CPU
	EndGlobalSection
	GlobalSection(SolutionProperties) = preSolution
		HideSolutionNode = FALSE
	EndGlobalSection
	GlobalSection(ExtensibilityGlobals) = postSolution
		SolutionGuid = {37F65178-5C23-4504-8442-06188068CC38}
	EndGlobalSection
EndGlobal
